
Microsoft Visual Studio Solution File, Format Version 12.00
# Visual Studio 15
VisualStudioVersion = 15.0.27004.2002
MinimumVisualStudioVersion = 10.0.40219.1
Project("{FAE04EC0-301F-11D3-BF4B-00C04F79EFBC}") = "ConsoleApp1", "ConsoleApp1.csproj", "{DF512049-561F-4B06-8916-0EF4ED814F6A}"
EndProject
Global
	GlobalSection(SolutionConfigurationPlatforms) = preSolution
		Debug|Any CPU = Debug|Any CPU
		Release|Any CPU = Release|Any CPU
	EndGlobalSection
	GlobalSection(ProjectConfigurationPlatforms) = postSolution
		{DF512049-561F-4B06-8916-0EF4ED814F6A}.Debug|Any CPU.ActiveCfg = Debug|Any CPU
		{DF512049-561F-4B06-8916-0EF4ED814F6A}.Debug|Any CPU.Build.0 = Debug|Any CPU
		{DF512049-561F-4B06-8916-0EF4ED814F6A}.Release|Any CPU.ActiveCfg = Release|Any CPU
		{DF512049-561F-4B06-8916-0EF4ED814F6A}.Release|Any CPU.Build.0 = Release|Any CPU
	EndGlobalSection
	GlobalSection(SolutionProperties) = preSolution
		HideSolutionNode = FALSE
	EndGlobalSection
	GlobalSection(ExtensibilityGlobals) = postSolution
		SolutionGuid = {389CB9E7-6011-4C52-96E3-7F75D8D209C8}
	EndGlobalSection
EndGlobal
